{
    "_readme": [
        "This file locks the dependencies of your project to a known state",
        "Read more about it at http://getcomposer.org/doc/01-basic-usage.md#composer-lock-the-lock-file"
    ],
    "hash": "14153e4cbd0e9d46e2dad2edc4d148af",
    "packages": [
        {
            "name": "composer/installers",
            "version": "dev-master",
            "source": {
                "type": "git",
                "url": "https://github.com/composer/installers.git",
                "reference": "c87cfc35882eb50df3eef1734bfa52fbcd6c782c"
            },
            "dist": {
                "type": "zip",
                "url": "https://api.github.com/repos/composer/installers/zipball/c87cfc35882eb50df3eef1734bfa52fbcd6c782c",
                "reference": "c87cfc35882eb50df3eef1734bfa52fbcd6c782c",
                "shasum": ""
            },
            "replace": {
                "shama/baton": "*"
            },
            "require-dev": {
                "composer/composer": "1.0.*@dev",
                "phpunit/phpunit": "3.7.*"
            },
            "type": "composer-installer",
            "extra": {
                "class": "Composer\\Installers\\Installer",
                "branch-alias": {
                    "dev-master": "1.0-dev"
                }
            },
            "autoload": {
                "psr-0": {
                    "Composer\\Installers\\": "src/"
                }
            },
            "notification-url": "https://packagist.org/downloads/",
            "license": [
                "MIT"
            ],
            "authors": [
                {
                    "name": "Kyle Robinson Young",
                    "email": "kyle@dontkry.com",
                    "homepage": "http://dontkry.com",
                    "role": "Developer"
                }
            ],
            "description": "A multi-framework Composer library installer",
            "homepage": "http://composer.github.com/installers/",
            "keywords": [
                "TYPO3 CMS",
                "TYPO3 Flow",
                "TYPO3 Neos",
                "agl",
                "cakephp",
                "codeigniter",
                "concrete5",
                "drupal",
                "elgg",
                "fuelphp",
                "installer",
                "joomla",
                "kohana",
                "laravel",
                "li3",
                "lithium",
                "mako",
                "modulework",
                "phpbb",
                "ppi",
                "silverstripe",
                "symfony",
                "wordpress",
                "zend"
            ],
            "time": "2013-12-24 18:04:46"
        },
        {
            "name": "silverstripe/cms",
            "version": "dev-master",
            "source": {
                "type": "git",
                "url": "https://github.com/silverstripe/silverstripe-cms.git",
                "reference": "07033548fc05e2a4f73e08f8cffada6327476d4a"
            },
            "dist": {
                "type": "zip",
                "url": "https://api.github.com/repos/silverstripe/silverstripe-cms/zipball/07033548fc05e2a4f73e08f8cffada6327476d4a",
                "reference": "07033548fc05e2a4f73e08f8cffada6327476d4a",
                "shasum": ""
            },
            "require": {
                "composer/installers": "*",
                "php": ">=5.3.2",
                "silverstripe/framework": "3.2.x-dev",
                "silverstripe/reports": "*"
            },
            "type": "silverstripe-module",
            "extra": {
                "branch-alias": {
                    "dev-master": "3.2.x-dev"
                }
            },
            "autoload": {
                "classmap": [
                    "tests/behat/"
                ]
            },
            "notification-url": "https://packagist.org/downloads/",
            "license": [
                "BSD-3-Clause"
            ],
            "authors": [
                {
                    "name": "SilverStripe",
                    "homepage": "http://silverstripe.com"
                },
                {
                    "name": "The SilverStripe Community",
                    "homepage": "http://silverstripe.org"
                }
            ],
            "description": "The SilverStripe Content Management System",
            "homepage": "http://silverstripe.org",
            "keywords": [
                "cms",
                "silverstripe"
            ],
            "time": "2013-12-19 19:22:26"
        },
        {
            "name": "silverstripe/framework",
            "version": "dev-master",
            "source": {
                "type": "git",
                "url": "https://github.com/silverstripe/silverstripe-framework.git",
                "reference": "87b5451d2d48410bfd83b0af4fa237afbf969342"
            },
            "dist": {
                "type": "zip",
                "url": "https://api.github.com/repos/silverstripe/silverstripe-framework/zipball/87b5451d2d48410bfd83b0af4fa237afbf969342",
                "reference": "87b5451d2d48410bfd83b0af4fa237afbf969342",
                "shasum": ""
            },
            "require": {
                "composer/installers": "*",
                "php": ">=5.3.3"
            },
            "type": "silverstripe-module",
            "extra": {
                "branch-alias": {
                    "dev-master": "3.2.x-dev"
                }
            },
            "autoload": {
                "classmap": [
                    "tests/behat/features/bootstrap"
                ]
            },
            "notification-url": "https://packagist.org/downloads/",
            "license": [
                "BSD-3-Clause"
            ],
            "authors": [
                {
                    "name": "SilverStripe",
                    "homepage": "http://silverstripe.com"
                },
                {
                    "name": "The SilverStripe Community",
                    "homepage": "http://silverstripe.org"
                }
            ],
            "description": "The SilverStripe framework",
            "homepage": "http://silverstripe.org",
            "keywords": [
                "framework",
                "silverstripe"
            ],
            "time": "2013-12-21 01:55:53"
        },
        {
            "name": "silverstripe/reports",
            "version": "dev-master",
            "source": {
                "type": "git",
                "url": "https://github.com/silverstripe-labs/silverstripe-reports.git",
                "reference": "2303ce3ed0672ffa2675c8e5de546764c1070295"
            },
            "dist": {
                "type": "zip",
                "url": "https://api.github.com/repos/silverstripe-labs/silverstripe-reports/zipball/2303ce3ed0672ffa2675c8e5de546764c1070295",
                "reference": "2303ce3ed0672ffa2675c8e5de546764c1070295",
                "shasum": ""
            },
            "require": {
                "php": ">=5.3.2",
                "silverstripe/framework": ">=3.1.x-dev"
            },
            "type": "silverstripe-module",
            "notification-url": "https://packagist.org/downloads/",
            "license": [
                "BSD-3-Clause"
            ],
            "authors": [
                {
                    "name": "SilverStripe",
                    "homepage": "http://silverstripe.com"
                },
                {
                    "name": "The SilverStripe Community",
                    "homepage": "http://silverstripe.org"
                }
            ],
            "homepage": "http://silverstripe.org",
            "keywords": [
                "cms",
                "reports",
                "silverstripe"
            ],
            "time": "2013-11-05 03:43:51"
        }
    ],
    "packages-dev": [

    ],
    "aliases": [

    ],
    "minimum-stability": "dev",
    "stability-flags": {
        "silverstripe/cms": 20,
        "silverstripe/framework": 20
    },
    "platform": {
        "php": ">=5.3.2"
    },
    "platform-dev": [

    ]
}
